{
  "name": "ts3",
  "version": "1.0.0",
  "lockfileVersion": 1,
  "requires": true,
  "dependencies": {
    "parse-duration": {
      "version": "0.1.1",
      "resolved": "https://registry.npmjs.org/parse-duration/-/parse-duration-0.1.1.tgz",
      "integrity": "sha1-ExFN3JiRwezSgANiRFVN5DZHoiY="
    },
    "timestring": {
      "version": "5.0.0",
      "resolved": "https://registry.npmjs.org/timestring/-/timestring-5.0.0.tgz",
      "integrity": "sha512-azKsH5XEbh7cQsJHocNRq6SRRi+NU2vri4OkSutYi9vyYaYCAyzb5Gru5EWV1CuuXZzcNcqiHupyFCsBSucPWw=="
    }
  }
}
